
Microsoft Visual Studio Solution File, Format Version 12.00
# Visual Studio 15
VisualStudioVersion = 15.0.25618.0
MinimumVisualStudioVersion = 10.0.40219.1
Project("{FAE04EC0-301F-11D3-BF4B-00C04F79EFBC}") = "LogMeasurement", "LogMeasurement\LogMeasurement.csproj", "{51ED2804-FB48-4CD9-A467-08F619770C7D}"
EndProject
Project("{FAE04EC0-301F-11D3-BF4B-00C04F79EFBC}") = "KBL.Extensions", "..\PhysMeasure\KBLExtensions\KBL.Extensions.csproj", "{7139B888-5CE1-4604-B2E8-19FD45BC8B0E}"
EndProject
Project("{FAE04EC0-301F-11D3-BF4B-00C04F79EFBC}") = "PhysicalMeasure", "..\PhysMeasure\PhysicalMeasure\PhysicalMeasure.csproj", "{4A1384AC-58AA-4758-822F-25CCC6123F51}"
EndProject
Project("{FAE04EC0-301F-11D3-BF4B-00C04F79EFBC}") = "PhysCalc", "..\PhysCalculator\PhysCalc\PhysCalc.csproj", "{74C979DF-C059-4DC4-BCA7-FC904F131B37}"
EndProject
Global
	GlobalSection(SolutionConfigurationPlatforms) = preSolution
		Debug|Any CPU = Debug|Any CPU
		Release|Any CPU = Release|Any CPU
	EndGlobalSection
	GlobalSection(ProjectConfigurationPlatforms) = postSolution
		{51ED2804-FB48-4CD9-A467-08F619770C7D}.Debug|Any CPU.ActiveCfg = Debug|Any CPU
		{51ED2804-FB48-4CD9-A467-08F619770C7D}.Debug|Any CPU.Build.0 = Debug|Any CPU
		{51ED2804-FB48-4CD9-A467-08F619770C7D}.Release|Any CPU.ActiveCfg = Release|Any CPU
		{51ED2804-FB48-4CD9-A467-08F619770C7D}.Release|Any CPU.Build.0 = Release|Any CPU
		{7139B888-5CE1-4604-B2E8-19FD45BC8B0E}.Debug|Any CPU.ActiveCfg = Debug|Any CPU
		{7139B888-5CE1-4604-B2E8-19FD45BC8B0E}.Debug|Any CPU.Build.0 = Debug|Any CPU
		{7139B888-5CE1-4604-B2E8-19FD45BC8B0E}.Release|Any CPU.ActiveCfg = Release|Any CPU
		{7139B888-5CE1-4604-B2E8-19FD45BC8B0E}.Release|Any CPU.Build.0 = Release|Any CPU
		{4A1384AC-58AA-4758-822F-25CCC6123F51}.Debug|Any CPU.ActiveCfg = Debug|Any CPU
		{4A1384AC-58AA-4758-822F-25CCC6123F51}.Debug|Any CPU.Build.0 = Debug|Any CPU
		{4A1384AC-58AA-4758-822F-25CCC6123F51}.Release|Any CPU.ActiveCfg = Release|Any CPU
		{4A1384AC-58AA-4758-822F-25CCC6123F51}.Release|Any CPU.Build.0 = Release|Any CPU
		{74C979DF-C059-4DC4-BCA7-FC904F131B37}.Debug|Any CPU.ActiveCfg = Debug|Any CPU
		{74C979DF-C059-4DC4-BCA7-FC904F131B37}.Debug|Any CPU.Build.0 = Debug|Any CPU
		{74C979DF-C059-4DC4-BCA7-FC904F131B37}.Release|Any CPU.ActiveCfg = Release|Any CPU
		{74C979DF-C059-4DC4-BCA7-FC904F131B37}.Release|Any CPU.Build.0 = Release|Any CPU
	EndGlobalSection
	GlobalSection(SolutionProperties) = preSolution
		HideSolutionNode = FALSE
	EndGlobalSection
	GlobalSection(TeamFoundationVersionControl) = preSolution
		SccNumberOfProjects = 3
		SccEnterpriseProvider = {4CA58AB2-18FA-4F8D-95D4-32DDF27D184C}
		SccTeamFoundationServer = https://tfs.codeplex.com/tfs/tfs12
		SccProjectUniqueName0 = ..\\PhysMeasure\\KBLExtensions\\KBL.Extensions.csproj
		SccProjectName0 = ../PhysMeasure/KBLExtensions
		SccAuxPath0 = https://tfs.codeplex.com/tfs/tfs12
		SccLocalPath0 = ..\\PhysMeasure\\KBLExtensions
		SccProvider0 = {4CA58AB2-18FA-4F8D-95D4-32DDF27D184C}
		SccProjectUniqueName1 = ..\\PhysMeasure\\PhysicalMeasure\\PhysicalMeasure.csproj
		SccProjectName1 = ../PhysMeasure/PhysicalMeasure
		SccAuxPath1 = https://tfs.codeplex.com/tfs/tfs12
		SccLocalPath1 = ..\\PhysMeasure\\PhysicalMeasure
		SccProvider1 = {4CA58AB2-18FA-4F8D-95D4-32DDF27D184C}
		SccProjectUniqueName2 = ..\\PhysCalculator\\PhysCalc\\PhysCalc.csproj
		SccProjectName2 = ../PhysCalculator/PhysCalc
		SccAuxPath2 = https://tfs.codeplex.com/tfs/tfs12
		SccLocalPath2 = ..\\PhysCalculator\\PhysCalc
		SccProvider2 = {4CA58AB2-18FA-4F8D-95D4-32DDF27D184C}
	EndGlobalSection
EndGlobal
